
Microsoft Visual Studio Solution File, Format Version 12.00
# Visual Studio 15
VisualStudioVersion = 15.0.28010.2016
MinimumVisualStudioVersion = 10.0.40219.1
Project("{FAE04EC0-301F-11D3-BF4B-00C04F79EFBC}") = "1_Send", "_Send\1_Send.csproj", "{4C02C583-0A06-44A3-B866-20236EBF9CB3}"
EndProject
Project("{FAE04EC0-301F-11D3-BF4B-00C04F79EFBC}") = "1_Receive", "_Receive\1_Receive.csproj", "{4AA8C085-48FC-4F9C-BB5A-5677F0ED59BE}"
EndProject
Project("{FAE04EC0-301F-11D3-BF4B-00C04F79EFBC}") = "2_NewTask", "_NewTask\2_NewTask.csproj", "{2421BD8F-97DB-4DC9-87B5-6F838AC8631F}"
EndProject
Project("{FAE04EC0-301F-11D3-BF4B-00C04F79EFBC}") = "2_Worker", "_Worker\2_Worker.csproj", "{CAE26B33-27C0-49E3-8576-FA43D0534CD8}"
EndProject
Project("{FAE04EC0-301F-11D3-BF4B-00C04F79EFBC}") = "3_EmitLog", "_EmitLog\3_EmitLog.csproj", "{0BEB8601-B373-4038-880B-48AB702EC7A9}"
EndProject
Project("{FAE04EC0-301F-11D3-BF4B-00C04F79EFBC}") = "3_ReceiveLogs", "_ReceiveLogs\3_ReceiveLogs.csproj", "{85C3A910-B53C-4A2D-8031-9648E0C1CB5D}"
EndProject
Project("{FAE04EC0-301F-11D3-BF4B-00C04F79EFBC}") = "4_ EmitLogDirect", "_ EmitLogDirect\4_ EmitLogDirect.csproj", "{5A6C39D5-E3AD-4314-8601-36D60B7899DF}"
EndProject
Project("{FAE04EC0-301F-11D3-BF4B-00C04F79EFBC}") = "4_ReceiveLogsDirect", "_ReceiveLogsDirect\4_ReceiveLogsDirect.csproj", "{7990C1BF-5A69-4E20-89BA-5824362C25D9}"
EndProject
Project("{FAE04EC0-301F-11D3-BF4B-00C04F79EFBC}") = "5_EmitLogTopic", "_EmitLogTopic\5_EmitLogTopic.csproj", "{32CC96BD-87C4-44A6-8A94-BED0B5C61607}"
EndProject
Project("{FAE04EC0-301F-11D3-BF4B-00C04F79EFBC}") = "5_ReceiveLogsTopic", "_ReceiveLogsTopic\5_ReceiveLogsTopic.csproj", "{40B8DA01-FE39-40A1-BC9D-8FF30EF79A82}"
EndProject
Global
	GlobalSection(SolutionConfigurationPlatforms) = preSolution
		Debug|Any CPU = Debug|Any CPU
		Release|Any CPU = Release|Any CPU
	EndGlobalSection
	GlobalSection(ProjectConfigurationPlatforms) = postSolution
		{4C02C583-0A06-44A3-B866-20236EBF9CB3}.Debug|Any CPU.ActiveCfg = Debug|Any CPU
		{4C02C583-0A06-44A3-B866-20236EBF9CB3}.Debug|Any CPU.Build.0 = Debug|Any CPU
		{4C02C583-0A06-44A3-B866-20236EBF9CB3}.Release|Any CPU.ActiveCfg = Release|Any CPU
		{4C02C583-0A06-44A3-B866-20236EBF9CB3}.Release|Any CPU.Build.0 = Release|Any CPU
		{4AA8C085-48FC-4F9C-BB5A-5677F0ED59BE}.Debug|Any CPU.ActiveCfg = Debug|Any CPU
		{4AA8C085-48FC-4F9C-BB5A-5677F0ED59BE}.Debug|Any CPU.Build.0 = Debug|Any CPU
		{4AA8C085-48FC-4F9C-BB5A-5677F0ED59BE}.Release|Any CPU.ActiveCfg = Release|Any CPU
		{4AA8C085-48FC-4F9C-BB5A-5677F0ED59BE}.Release|Any CPU.Build.0 = Release|Any CPU
		{2421BD8F-97DB-4DC9-87B5-6F838AC8631F}.Debug|Any CPU.ActiveCfg = Debug|Any CPU
		{2421BD8F-97DB-4DC9-87B5-6F838AC8631F}.Debug|Any CPU.Build.0 = Debug|Any CPU
		{2421BD8F-97DB-4DC9-87B5-6F838AC8631F}.Release|Any CPU.ActiveCfg = Release|Any CPU
		{2421BD8F-97DB-4DC9-87B5-6F838AC8631F}.Release|Any CPU.Build.0 = Release|Any CPU
		{CAE26B33-27C0-49E3-8576-FA43D0534CD8}.Debug|Any CPU.ActiveCfg = Debug|Any CPU
		{CAE26B33-27C0-49E3-8576-FA43D0534CD8}.Debug|Any CPU.Build.0 = Debug|Any CPU
		{CAE26B33-27C0-49E3-8576-FA43D0534CD8}.Release|Any CPU.ActiveCfg = Release|Any CPU
		{CAE26B33-27C0-49E3-8576-FA43D0534CD8}.Release|Any CPU.Build.0 = Release|Any CPU
		{0BEB8601-B373-4038-880B-48AB702EC7A9}.Debug|Any CPU.ActiveCfg = Debug|Any CPU
		{0BEB8601-B373-4038-880B-48AB702EC7A9}.Debug|Any CPU.Build.0 = Debug|Any CPU
		{0BEB8601-B373-4038-880B-48AB702EC7A9}.Release|Any CPU.ActiveCfg = Release|Any CPU
		{0BEB8601-B373-4038-880B-48AB702EC7A9}.Release|Any CPU.Build.0 = Release|Any CPU
		{85C3A910-B53C-4A2D-8031-9648E0C1CB5D}.Debug|Any CPU.ActiveCfg = Debug|Any CPU
		{85C3A910-B53C-4A2D-8031-9648E0C1CB5D}.Debug|Any CPU.Build.0 = Debug|Any CPU
		{85C3A910-B53C-4A2D-8031-9648E0C1CB5D}.Release|Any CPU.ActiveCfg = Release|Any CPU
		{85C3A910-B53C-4A2D-8031-9648E0C1CB5D}.Release|Any CPU.Build.0 = Release|Any CPU
		{5A6C39D5-E3AD-4314-8601-36D60B7899DF}.Debug|Any CPU.ActiveCfg = Debug|Any CPU
		{5A6C39D5-E3AD-4314-8601-36D60B7899DF}.Debug|Any CPU.Build.0 = Debug|Any CPU
		{5A6C39D5-E3AD-4314-8601-36D60B7899DF}.Release|Any CPU.ActiveCfg = Release|Any CPU
		{5A6C39D5-E3AD-4314-8601-36D60B7899DF}.Release|Any CPU.Build.0 = Release|Any CPU
		{7990C1BF-5A69-4E20-89BA-5824362C25D9}.Debug|Any CPU.ActiveCfg = Debug|Any CPU
		{7990C1BF-5A69-4E20-89BA-5824362C25D9}.Debug|Any CPU.Build.0 = Debug|Any CPU
		{7990C1BF-5A69-4E20-89BA-5824362C25D9}.Release|Any CPU.ActiveCfg = Release|Any CPU
		{7990C1BF-5A69-4E20-89BA-5824362C25D9}.Release|Any CPU.Build.0 = Release|Any CPU
		{32CC96BD-87C4-44A6-8A94-BED0B5C61607}.Debug|Any CPU.ActiveCfg = Debug|Any CPU
		{32CC96BD-87C4-44A6-8A94-BED0B5C61607}.Debug|Any CPU.Build.0 = Debug|Any CPU
		{32CC96BD-87C4-44A6-8A94-BED0B5C61607}.Release|Any CPU.ActiveCfg = Release|Any CPU
		{32CC96BD-87C4-44A6-8A94-BED0B5C61607}.Release|Any CPU.Build.0 = Release|Any CPU
		{40B8DA01-FE39-40A1-BC9D-8FF30EF79A82}.Debug|Any CPU.ActiveCfg = Debug|Any CPU
		{40B8DA01-FE39-40A1-BC9D-8FF30EF79A82}.Debug|Any CPU.Build.0 = Debug|Any CPU
		{40B8DA01-FE39-40A1-BC9D-8FF30EF79A82}.Release|Any CPU.ActiveCfg = Release|Any CPU
		{40B8DA01-FE39-40A1-BC9D-8FF30EF79A82}.Release|Any CPU.Build.0 = Release|Any CPU
	EndGlobalSection
	GlobalSection(SolutionProperties) = preSolution
		HideSolutionNode = FALSE
	EndGlobalSection
	GlobalSection(ExtensibilityGlobals) = postSolution
		SolutionGuid = {D15F5E90-B68F-4924-9E20-58446C670F1B}
	EndGlobalSection
EndGlobal
